
Microsoft Visual Studio Solution File, Format Version 12.00
# Visual Studio 15
VisualStudioVersion = 15.0.28307.102
MinimumVisualStudioVersion = 10.0.40219.1
Project("{9A19103F-16F7-4668-BE54-9A1E7A4F7556}") = "SelfBlog", "SelfBlog\SelfBlog.csproj", "{7AC79C5E-D2AB-4C07-8F8E-9DF3A61241D5}"
EndProject
Project("{FAE04EC0-301F-11D3-BF4B-00C04F79EFBC}") = "SelfBlog.Frame", "SelfBlog.Frame\SelfBlog.Frame.csproj", "{52A510EF-CC57-418D-B19A-2BD9E6BCE976}"
EndProject
Global
	GlobalSection(SolutionConfigurationPlatforms) = preSolution
		Debug|Any CPU = Debug|Any CPU
		Release|Any CPU = Release|Any CPU
	EndGlobalSection
	GlobalSection(ProjectConfigurationPlatforms) = postSolution
		{7AC79C5E-D2AB-4C07-8F8E-9DF3A61241D5}.Debug|Any CPU.ActiveCfg = Debug|Any CPU
		{7AC79C5E-D2AB-4C07-8F8E-9DF3A61241D5}.Debug|Any CPU.Build.0 = Debug|Any CPU
		{7AC79C5E-D2AB-4C07-8F8E-9DF3A61241D5}.Release|Any CPU.ActiveCfg = Release|Any CPU
		{7AC79C5E-D2AB-4C07-8F8E-9DF3A61241D5}.Release|Any CPU.Build.0 = Release|Any CPU
		{52A510EF-CC57-418D-B19A-2BD9E6BCE976}.Debug|Any CPU.ActiveCfg = Debug|Any CPU
		{52A510EF-CC57-418D-B19A-2BD9E6BCE976}.Debug|Any CPU.Build.0 = Debug|Any CPU
		{52A510EF-CC57-418D-B19A-2BD9E6BCE976}.Release|Any CPU.ActiveCfg = Release|Any CPU
		{52A510EF-CC57-418D-B19A-2BD9E6BCE976}.Release|Any CPU.Build.0 = Release|Any CPU
	EndGlobalSection
	GlobalSection(SolutionProperties) = preSolution
		HideSolutionNode = FALSE
	EndGlobalSection
	GlobalSection(ExtensibilityGlobals) = postSolution
		SolutionGuid = {22697473-B56D-4889-8496-37F48B08098C}
	EndGlobalSection
EndGlobal
